// !$*UTF8*$!
{
	archiveVersion = 1;
	classes = {
	};
	objectVersion = 46;
	objects = {

/* Begin PBXBuildFile section */
		1D040AE61CFEC70C003DDCF2 /* CGXFastCGIOutputStream.m in Sources */ = {isa = PBXBuildFile; fileRef = 1D040AE51CFEC70C003DDCF2 /* CGXFastCGIOutputStream.m */; };
		1D0781E31CF8BB58009ED89D /* CGXFastCGIContext.m in Sources */ = {isa = PBXBuildFile; fileRef = 1D0781E21CF8BB58009ED89D /* CGXFastCGIContext.m */; };
		1D0781E61CF8BD0C009ED89D /* NSError+CGXFastCGIErrors.m in Sources */ = {isa = PBXBuildFile; fileRef = 1D0781E51CF8BD0C009ED89D /* NSError+CGXFastCGIErrors.m */; };
		1D0782271CFC9038009ED89D /* CGXFastCGIInputStream.m in Sources */ = {isa = PBXBuildFile; fileRef = 1D0782261CFC9038009ED89D /* CGXFastCGIInputStream.m */; };
		1D07822F1CFC9AA4009ED89D /* CGXFastCGIResponse.m in Sources */ = {isa = PBXBuildFile; fileRef = 1D07822E1CFC9AA4009ED89D /* CGXFastCGIResponse.m */; };
		1DF06BD51CF29614002E3AEF /* .gitignore in Resources */ = {isa = PBXBuildFile; fileRef = 1DF06BCB1CF29614002E3AEF /* .gitignore */; };
		1DF06BD61CF29614002E3AEF /* fcgiapp.c in Sources */ = {isa = PBXBuildFile; fileRef = 1DF06BCE1CF29614002E3AEF /* fcgiapp.c */; settings = {COMPILER_FLAGS = "-Wno-shorten-64-to-32 -Wno-unused-const-variable"; }; };
		1DF06BD81CF29614002E3AEF /* os_unix.c in Sources */ = {isa = PBXBuildFile; fileRef = 1DF06BD31CF29614002E3AEF /* os_unix.c */; settings = {COMPILER_FLAGS = "-Wno-shorten-64-to-32 -Wno-unused-const-variable -Wno-pointer-sign"; }; };
		1DF06BDC1CF2997C002E3AEF /* CGXFastCGIListener.m in Sources */ = {isa = PBXBuildFile; fileRef = 1DF06BDB1CF2997C002E3AEF /* CGXFastCGIListener.m */; };
/* End PBXBuildFile section */

/* Begin PBXFileReference section */
		1D040AE41CFEC70C003DDCF2 /* CGXFastCGIOutputStream.h */ = {isa = PBXFileReference; fileEncoding = 4; lastKnownFileType = sourcecode.c.h; path = CGXFastCGIOutputStream.h; sourceTree = "<group>"; };
		1D040AE51CFEC70C003DDCF2 /* CGXFastCGIOutputStream.m */ = {isa = PBXFileReference; fileEncoding = 4; lastKnownFileType = sourcecode.c.objc; path = CGXFastCGIOutputStream.m; sourceTree = "<group>"; };
		1D0781E11CF8BB58009ED89D /* CGXFastCGIContext.h */ = {isa = PBXFileReference; fileEncoding = 4; lastKnownFileType = sourcecode.c.h; path = CGXFastCGIContext.h; sourceTree = "<group>"; };
		1D0781E21CF8BB58009ED89D /* CGXFastCGIContext.m */ = {isa = PBXFileReference; fileEncoding = 4; lastKnownFileType = sourcecode.c.objc; path = CGXFastCGIContext.m; sourceTree = "<group>"; };
		1D0781E41CF8BD0C009ED89D /* NSError+CGXFastCGIErrors.h */ = {isa = PBXFileReference; fileEncoding = 4; lastKnownFileType = sourcecode.c.h; path = "NSError+CGXFastCGIErrors.h"; sourceTree = "<group>"; };
		1D0781E51CF8BD0C009ED89D /* NSError+CGXFastCGIErrors.m */ = {isa = PBXFileReference; fileEncoding = 4; lastKnownFileType = sourcecode.c.objc; path = "NSError+CGXFastCGIErrors.m"; sourceTree = "<group>"; };
		1D0782251CFC9038009ED89D /* CGXFastCGIInputStream.h */ = {isa = PBXFileReference; fileEncoding = 4; lastKnownFileType = sourcecode.c.h; path = CGXFastCGIInputStream.h; sourceTree = "<group>"; };
		1D0782261CFC9038009ED89D /* CGXFastCGIInputStream.m */ = {isa = PBXFileReference; fileEncoding = 4; lastKnownFileType = sourcecode.c.objc; path = CGXFastCGIInputStream.m; sourceTree = "<group>"; };
		1D07822D1CFC9AA4009ED89D /* CGXFastCGIResponse.h */ = {isa = PBXFileReference; fileEncoding = 4; lastKnownFileType = sourcecode.c.h; path = CGXFastCGIResponse.h; sourceTree = "<group>"; };
		1D07822E1CFC9AA4009ED89D /* CGXFastCGIResponse.m */ = {isa = PBXFileReference; fileEncoding = 4; lastKnownFileType = sourcecode.c.objc; path = CGXFastCGIResponse.m; sourceTree = "<group>"; };
		1DF06B911CF1BAA0002E3AEF /* CGXFastCGI.plugin */ = {isa = PBXFileReference; explicitFileType = wrapper.cfbundle; includeInIndex = 0; path = CGXFastCGI.plugin; sourceTree = BUILT_PRODUCTS_DIR; };
		1DF06B931CF1BAA0002E3AEF /* Info.plist */ = {isa = PBXFileReference; lastKnownFileType = text.plist.xml; path = Info.plist; sourceTree = "<group>"; };
		1DF06B9B1CF1BABB002E3AEF /* CGXHypertext.plugin */ = {isa = PBXFileReference; explicitFileType = wrapper.cfbundle; includeInIndex = 0; path = CGXHypertext.plugin; sourceTree = BUILT_PRODUCTS_DIR; };
		1DF06B9D1CF1BABB002E3AEF /* Info.plist */ = {isa = PBXFileReference; lastKnownFileType = text.plist.xml; path = Info.plist; sourceTree = "<group>"; };
		1DF06BCB1CF29614002E3AEF /* .gitignore */ = {isa = PBXFileReference; fileEncoding = 4; lastKnownFileType = text; path = .gitignore; sourceTree = "<group>"; };
		1DF06BCC1CF29614002E3AEF /* fastcgi.h */ = {isa = PBXFileReference; fileEncoding = 4; lastKnownFileType = sourcecode.c.h; path = fastcgi.h; sourceTree = "<group>"; };
		1DF06BCD1CF29614002E3AEF /* fcgi_config.h */ = {isa = PBXFileReference; fileEncoding = 4; lastKnownFileType = sourcecode.c.h; path = fcgi_config.h; sourceTree = "<group>"; };
		1DF06BCE1CF29614002E3AEF /* fcgiapp.c */ = {isa = PBXFileReference; fileEncoding = 4; lastKnownFileType = sourcecode.c.c; path = fcgiapp.c; sourceTree = "<group>"; };
		1DF06BCF1CF29614002E3AEF /* fcgiapp.h */ = {isa = PBXFileReference; fileEncoding = 4; lastKnownFileType = sourcecode.c.h; path = fcgiapp.h; sourceTree = "<group>"; };
		1DF06BD01CF29614002E3AEF /* fcgimisc.h */ = {isa = PBXFileReference; fileEncoding = 4; lastKnownFileType = sourcecode.c.h; path = fcgimisc.h; sourceTree = "<group>"; };
		1DF06BD11CF29614002E3AEF /* fcgios.h */ = {isa = PBXFileReference; fileEncoding = 4; lastKnownFileType = sourcecode.c.h; path = fcgios.h; sourceTree = "<group>"; };
		1DF06BD21CF29614002E3AEF /* LICENSE.md */ = {isa = PBXFileReference; fileEncoding = 4; lastKnownFileType = net.daringfireball.markdown; path = LICENSE.md; sourceTree = "<group>"; };
		1DF06BD31CF29614002E3AEF /* os_unix.c */ = {isa = PBXFileReference; fileEncoding = 4; lastKnownFileType = sourcecode.c.c; path = os_unix.c; sourceTree = "<group>"; };
		1DF06BD41CF29614002E3AEF /* README.md */ = {isa = PBXFileReference; fileEncoding = 4; lastKnownFileType = net.daringfireball.markdown; path = README.md; sourceTree = "<group>"; };
		1DF06BDA1CF2997C002E3AEF /* CGXFastCGIListener.h */ = {isa = PBXFileReference; fileEncoding = 4; lastKnownFileType = sourcecode.c.h; path = CGXFastCGIListener.h; sourceTree = "<group>"; };
		1DF06BDB1CF2997C002E3AEF /* CGXFastCGIListener.m */ = {isa = PBXFileReference; fileEncoding = 4; lastKnownFileType = sourcecode.c.objc; path = CGXFastCGIListener.m; sourceTree = "<group>"; };
/* End PBXFileReference section */

/* Begin PBXFrameworksBuildPhase section */
		1DF06B8E1CF1BAA0002E3AEF /* Frameworks */ = {
			isa = PBXFrameworksBuildPhase;
			buildActionMask = 2147483647;
			files = (
			);
			runOnlyForDeploymentPostprocessing = 0;
		};
		1DF06B981CF1BABB002E3AEF /* Frameworks */ = {
			isa = PBXFrameworksBuildPhase;
			buildActionMask = 2147483647;
			files = (
			);
			runOnlyForDeploymentPostprocessing = 0;
		};
/* End PBXFrameworksBuildPhase section */

/* Begin PBXGroup section */
		1DF06B821CF1BA5A002E3AEF = {
			isa = PBXGroup;
			children = (
				1DF06B921CF1BAA0002E3AEF /* CGXFastCGI */,
				1DF06B9C1CF1BABB002E3AEF /* CGXHypertext */,
				1DF06B8C1CF1BA65002E3AEF /* Products */,
			);
			sourceTree = "<group>";
		};
		1DF06B8C1CF1BA65002E3AEF /* Products */ = {
			isa = PBXGroup;
			children = (
				1DF06B911CF1BAA0002E3AEF /* CGXFastCGI.plugin */,
				1DF06B9B1CF1BABB002E3AEF /* CGXHypertext.plugin */,
			);
			name = Products;
			sourceTree = "<group>";
		};
		1DF06B921CF1BAA0002E3AEF /* CGXFastCGI */ = {
			isa = PBXGroup;
			children = (
				1DF06BCA1CF29614002E3AEF /* fastcgi */,
				1DF06BDA1CF2997C002E3AEF /* CGXFastCGIListener.h */,
				1DF06BDB1CF2997C002E3AEF /* CGXFastCGIListener.m */,
				1D0781E41CF8BD0C009ED89D /* NSError+CGXFastCGIErrors.h */,
				1D0781E51CF8BD0C009ED89D /* NSError+CGXFastCGIErrors.m */,
				1D0781E11CF8BB58009ED89D /* CGXFastCGIContext.h */,
				1D0781E21CF8BB58009ED89D /* CGXFastCGIContext.m */,
				1D0782251CFC9038009ED89D /* CGXFastCGIInputStream.h */,
				1D0782261CFC9038009ED89D /* CGXFastCGIInputStream.m */,
				1D040AE41CFEC70C003DDCF2 /* CGXFastCGIOutputStream.h */,
				1D040AE51CFEC70C003DDCF2 /* CGXFastCGIOutputStream.m */,
				1D07822D1CFC9AA4009ED89D /* CGXFastCGIResponse.h */,
				1D07822E1CFC9AA4009ED89D /* CGXFastCGIResponse.m */,
				1DF06B931CF1BAA0002E3AEF /* Info.plist */,
			);
			path = CGXFastCGI;
			sourceTree = "<group>";
		};
		1DF06B9C1CF1BABB002E3AEF /* CGXHypertext */ = {
			isa = PBXGroup;
			children = (
				1DF06B9D1CF1BABB002E3AEF /* Info.plist */,
			);
			path = CGXHypertext;
			sourceTree = "<group>";
		};
		1DF06BCA1CF29614002E3AEF /* fastcgi */ = {
			isa = PBXGroup;
			children = (
				1DF06BCB1CF29614002E3AEF /* .gitignore */,
				1DF06BCC1CF29614002E3AEF /* fastcgi.h */,
				1DF06BCD1CF29614002E3AEF /* fcgi_config.h */,
				1DF06BCE1CF29614002E3AEF /* fcgiapp.c */,
				1DF06BCF1CF29614002E3AEF /* fcgiapp.h */,
				1DF06BD01CF29614002E3AEF /* fcgimisc.h */,
				1DF06BD11CF29614002E3AEF /* fcgios.h */,
				1DF06BD21CF29614002E3AEF /* LICENSE.md */,
				1DF06BD31CF29614002E3AEF /* os_unix.c */,
				1DF06BD41CF29614002E3AEF /* README.md */,
			);
			path = fastcgi;
			sourceTree = "<group>";
		};
/* End PBXGroup section */

/* Begin PBXNativeTarget section */
		1DF06B901CF1BAA0002E3AEF /* CGXFastCGI */ = {
			isa = PBXNativeTarget;
			buildConfigurationList = 1DF06B941CF1BAA0002E3AEF /* Build configuration list for PBXNativeTarget "CGXFastCGI" */;
			buildPhases = (
				1DF06B8D1CF1BAA0002E3AEF /* Sources */,
				1DF06B8E1CF1BAA0002E3AEF /* Frameworks */,
				1DF06B8F1CF1BAA0002E3AEF /* Resources */,
			);
			buildRules = (
			);
			dependencies = (
			);
			name = CGXFastCGI;
			productName = CGXFastCGI;
			productReference = 1DF06B911CF1BAA0002E3AEF /* CGXFastCGI.plugin */;
			productType = "com.apple.product-type.bundle";
		};
		1DF06B9A1CF1BABB002E3AEF /* CGXHypertext */ = {
			isa = PBXNativeTarget;
			buildConfigurationList = 1DF06B9E1CF1BABB002E3AEF /* Build configuration list for PBXNativeTarget "CGXHypertext" */;
			buildPhases = (
				1DF06B971CF1BABB002E3AEF /* Sources */,
				1DF06B981CF1BABB002E3AEF /* Frameworks */,
				1DF06B991CF1BABB002E3AEF /* Resources */,
			);
			buildRules = (
			);
			dependencies = (
			);
			name = CGXHypertext;
			productName = CGXHypertext;
			productReference = 1DF06B9B1CF1BABB002E3AEF /* CGXHypertext.plugin */;
			productType = "com.apple.product-type.bundle";
		};
/* End PBXNativeTarget section */

/* Begin PBXProject section */
		1DF06B831CF1BA5A002E3AEF /* Project object */ = {
			isa = PBXProject;
			attributes = {
				CLASSPREFIX = CGX;
				LastUpgradeCheck = 0800;
				ORGANIZATIONNAME = DreamCity;
				TargetAttributes = {
					1DF06B901CF1BAA0002E3AEF = {
						CreatedOnToolsVersion = 7.3.1;
					};
					1DF06B9A1CF1BABB002E3AEF = {
						CreatedOnToolsVersion = 7.3.1;
					};
				};
			};
			buildConfigurationList = 1DF06B861CF1BA5A002E3AEF /* Build configuration list for PBXProject "CGXServerInterfaces" */;
			compatibilityVersion = "Xcode 3.2";
			developmentRegion = English;
			hasScannedForEncodings = 0;
			knownRegions = (
				en,
			);
			mainGroup = 1DF06B821CF1BA5A002E3AEF;
			projectDirPath = "";
			projectRoot = "";
			targets = (
				1DF06B901CF1BAA0002E3AEF /* CGXFastCGI */,
				1DF06B9A1CF1BABB002E3AEF /* CGXHypertext */,
			);
		};
/* End PBXProject section */

/* Begin PBXResourcesBuildPhase section */
		1DF06B8F1CF1BAA0002E3AEF /* Resources */ = {
			isa = PBXResourcesBuildPhase;
			buildActionMask = 2147483647;
			files = (
				1DF06BD51CF29614002E3AEF /* .gitignore in Resources */,
			);
			runOnlyForDeploymentPostprocessing = 0;
		};
		1DF06B991CF1BABB002E3AEF /* Resources */ = {
			isa = PBXResourcesBuildPhase;
			buildActionMask = 2147483647;
			files = (
			);
			runOnlyForDeploymentPostprocessing = 0;
		};
/* End PBXResourcesBuildPhase section */

/* Begin PBXSourcesBuildPhase section */
		1DF06B8D1CF1BAA0002E3AEF /* Sources */ = {
			isa = PBXSourcesBuildPhase;
			buildActionMask = 2147483647;
			files = (
				1D07822F1CFC9AA4009ED89D /* CGXFastCGIResponse.m in Sources */,
				1DF06BDC1CF2997C002E3AEF /* CGXFastCGIListener.m in Sources */,
				1DF06BD81CF29614002E3AEF /* os_unix.c in Sources */,
				1D040AE61CFEC70C003DDCF2 /* CGXFastCGIOutputStream.m in Sources */,
				1D0781E31CF8BB58009ED89D /* CGXFastCGIContext.m in Sources */,
				1DF06BD61CF29614002E3AEF /* fcgiapp.c in Sources */,
				1D0781E61CF8BD0C009ED89D /* NSError+CGXFastCGIErrors.m in Sources */,
				1D0782271CFC9038009ED89D /* CGXFastCGIInputStream.m in Sources */,
			);
			runOnlyForDeploymentPostprocessing = 0;
		};
		1DF06B971CF1BABB002E3AEF /* Sources */ = {
			isa = PBXSourcesBuildPhase;
			buildActionMask = 2147483647;
			files = (
			);
			runOnlyForDeploymentPostprocessing = 0;
		};
/* End PBXSourcesBuildPhase section */

/* Begin XCBuildConfiguration section */
		1DF06B871CF1BA5A002E3AEF /* Debug */ = {
			isa = XCBuildConfiguration;
			buildSettings = {
				CLANG_WARN_BOOL_CONVERSION = YES;
				CLANG_WARN_CONSTANT_CONVERSION = YES;
				CLANG_WARN_EMPTY_BODY = YES;
				CLANG_WARN_ENUM_CONVERSION = YES;
				CLANG_WARN_INT_CONVERSION = YES;
				CLANG_WARN_UNREACHABLE_CODE = YES;
				CLANG_WARN__DUPLICATE_METHOD_MATCH = YES;
				ENABLE_STRICT_OBJC_MSGSEND = YES;
				ENABLE_TESTABILITY = YES;
				GCC_NO_COMMON_BLOCKS = YES;
				GCC_WARN_64_TO_32_BIT_CONVERSION = YES;
				GCC_WARN_ABOUT_RETURN_TYPE = YES;
				GCC_WARN_UNDECLARED_SELECTOR = YES;
				GCC_WARN_UNINITIALIZED_AUTOS = YES;
				GCC_WARN_UNUSED_FUNCTION = YES;
				GCC_WARN_UNUSED_VARIABLE = YES;
				ONLY_ACTIVE_ARCH = YES;
			};
			name = Debug;
		};
		1DF06B881CF1BA5A002E3AEF /* Release */ = {
			isa = XCBuildConfiguration;
			buildSettings = {
				CLANG_WARN_BOOL_CONVERSION = YES;
				CLANG_WARN_CONSTANT_CONVERSION = YES;
				CLANG_WARN_EMPTY_BODY = YES;
				CLANG_WARN_ENUM_CONVERSION = YES;
				CLANG_WARN_INT_CONVERSION = YES;
				CLANG_WARN_UNREACHABLE_CODE = YES;
				CLANG_WARN__DUPLICATE_METHOD_MATCH = YES;
				ENABLE_STRICT_OBJC_MSGSEND = YES;
				GCC_NO_COMMON_BLOCKS = YES;
				GCC_WARN_64_TO_32_BIT_CONVERSION = YES;
				GCC_WARN_ABOUT_RETURN_TYPE = YES;
				GCC_WARN_UNDECLARED_SELECTOR = YES;
				GCC_WARN_UNINITIALIZED_AUTOS = YES;
				GCC_WARN_UNUSED_FUNCTION = YES;
				GCC_WARN_UNUSED_VARIABLE = YES;
			};
			name = Release;
		};
		1DF06B951CF1BAA0002E3AEF /* Debug */ = {
			isa = XCBuildConfiguration;
			buildSettings = {
				ALWAYS_SEARCH_USER_PATHS = NO;
				CLANG_ANALYZER_NONNULL = YES;
				CLANG_CXX_LANGUAGE_STANDARD = "gnu++0x";
				CLANG_CXX_LIBRARY = "libc++";
				CLANG_ENABLE_MODULES = YES;
				CLANG_ENABLE_OBJC_ARC = YES;
				CLANG_WARN_BOOL_CONVERSION = YES;
				CLANG_WARN_CONSTANT_CONVERSION = YES;
				CLANG_WARN_DIRECT_OBJC_ISA_USAGE = YES_ERROR;
				CLANG_WARN_EMPTY_BODY = YES;
				CLANG_WARN_ENUM_CONVERSION = YES;
				CLANG_WARN_INT_CONVERSION = YES;
				CLANG_WARN_OBJC_ROOT_CLASS = YES_ERROR;
				CLANG_WARN_UNREACHABLE_CODE = YES;
				CLANG_WARN__DUPLICATE_METHOD_MATCH = YES;
				CODE_SIGN_IDENTITY = "-";
				COMBINE_HIDPI_IMAGES = YES;
				COPY_PHASE_STRIP = NO;
				DEBUG_INFORMATION_FORMAT = dwarf;
				ENABLE_STRICT_OBJC_MSGSEND = YES;
				ENABLE_TESTABILITY = YES;
				GCC_C_LANGUAGE_STANDARD = gnu99;
				GCC_DYNAMIC_NO_PIC = NO;
				GCC_NO_COMMON_BLOCKS = YES;
				GCC_OPTIMIZATION_LEVEL = 0;
				GCC_PREPROCESSOR_DEFINITIONS = (
					"DEBUG=1",
					"$(inherited)",
				);
				GCC_WARN_64_TO_32_BIT_CONVERSION = YES;
				GCC_WARN_ABOUT_RETURN_TYPE = YES_ERROR;
				GCC_WARN_UNDECLARED_SELECTOR = YES;
				GCC_WARN_UNINITIALIZED_AUTOS = YES_AGGRESSIVE;
				GCC_WARN_UNUSED_FUNCTION = YES;
				GCC_WARN_UNUSED_VARIABLE = YES;
				INFOPLIST_FILE = CGXFastCGI/Info.plist;
				INSTALL_PATH = "$(LOCAL_LIBRARY_DIR)/Bundles";
				MACOSX_DEPLOYMENT_TARGET = 10.11;
				MTL_ENABLE_DEBUG_INFO = YES;
				ONLY_ACTIVE_ARCH = YES;
				PRODUCT_BUNDLE_IDENTIFIER = info.maxchan.CGXFastCGI;
				PRODUCT_NAME = "$(TARGET_NAME)";
				SDKROOT = macosx;
				SKIP_INSTALL = YES;
				WRAPPER_EXTENSION = plugin;
			};
			name = Debug;
		};
		1DF06B961CF1BAA0002E3AEF /* Release */ = {
			isa = XCBuildConfiguration;
			buildSettings = {
				ALWAYS_SEARCH_USER_PATHS = NO;
				CLANG_ANALYZER_NONNULL = YES;
				CLANG_CXX_LANGUAGE_STANDARD = "gnu++0x";
				CLANG_CXX_LIBRARY = "libc++";
				CLANG_ENABLE_MODULES = YES;
				CLANG_ENABLE_OBJC_ARC = YES;
				CLANG_WARN_BOOL_CONVERSION = YES;
				CLANG_WARN_CONSTANT_CONVERSION = YES;
				CLANG_WARN_DIRECT_OBJC_ISA_USAGE = YES_ERROR;
				CLANG_WARN_EMPTY_BODY = YES;
				CLANG_WARN_ENUM_CONVERSION = YES;
				CLANG_WARN_INT_CONVERSION = YES;
				CLANG_WARN_OBJC_ROOT_CLASS = YES_ERROR;
				CLANG_WARN_UNREACHABLE_CODE = YES;
				CLANG_WARN__DUPLICATE_METHOD_MATCH = YES;
				CODE_SIGN_IDENTITY = "-";
				COMBINE_HIDPI_IMAGES = YES;
				COPY_PHASE_STRIP = NO;
				DEBUG_INFORMATION_FORMAT = "dwarf-with-dsym";
				ENABLE_NS_ASSERTIONS = NO;
				ENABLE_STRICT_OBJC_MSGSEND = YES;
				GCC_C_LANGUAGE_STANDARD = gnu99;
				GCC_NO_COMMON_BLOCKS = YES;
				GCC_WARN_64_TO_32_BIT_CONVERSION = YES;
				GCC_WARN_ABOUT_RETURN_TYPE = YES_ERROR;
				GCC_WARN_UNDECLARED_SELECTOR = YES;
				GCC_WARN_UNINITIALIZED_AUTOS = YES_AGGRESSIVE;
				GCC_WARN_UNUSED_FUNCTION = YES;
				GCC_WARN_UNUSED_VARIABLE = YES;
				INFOPLIST_FILE = CGXFastCGI/Info.plist;
				INSTALL_PATH = "$(LOCAL_LIBRARY_DIR)/Bundles";
				MACOSX_DEPLOYMENT_TARGET = 10.11;
				MTL_ENABLE_DEBUG_INFO = NO;
				PRODUCT_BUNDLE_IDENTIFIER = info.maxchan.CGXFastCGI;
				PRODUCT_NAME = "$(TARGET_NAME)";
				SDKROOT = macosx;
				SKIP_INSTALL = YES;
				WRAPPER_EXTENSION = plugin;
			};
			name = Release;
		};
		1DF06B9F1CF1BABB002E3AEF /* Debug */ = {
			isa = XCBuildConfiguration;
			buildSettings = {
				ALWAYS_SEARCH_USER_PATHS = NO;
				CLANG_ANALYZER_NONNULL = YES;
				CLANG_CXX_LANGUAGE_STANDARD = "gnu++0x";
				CLANG_CXX_LIBRARY = "libc++";
				CLANG_ENABLE_MODULES = YES;
				CLANG_ENABLE_OBJC_ARC = YES;
				CLANG_WARN_BOOL_CONVERSION = YES;
				CLANG_WARN_CONSTANT_CONVERSION = YES;
				CLANG_WARN_DIRECT_OBJC_ISA_USAGE = YES_ERROR;
				CLANG_WARN_EMPTY_BODY = YES;
				CLANG_WARN_ENUM_CONVERSION = YES;
				CLANG_WARN_INT_CONVERSION = YES;
				CLANG_WARN_OBJC_ROOT_CLASS = YES_ERROR;
				CLANG_WARN_UNREACHABLE_CODE = YES;
				CLANG_WARN__DUPLICATE_METHOD_MATCH = YES;
				CODE_SIGN_IDENTITY = "-";
				COMBINE_HIDPI_IMAGES = YES;
				COPY_PHASE_STRIP = NO;
				DEBUG_INFORMATION_FORMAT = dwarf;
				ENABLE_STRICT_OBJC_MSGSEND = YES;
				ENABLE_TESTABILITY = YES;
				GCC_C_LANGUAGE_STANDARD = gnu99;
				GCC_DYNAMIC_NO_PIC = NO;
				GCC_NO_COMMON_BLOCKS = YES;
				GCC_OPTIMIZATION_LEVEL = 0;
				GCC_PREPROCESSOR_DEFINITIONS = (
					"DEBUG=1",
					"$(inherited)",
				);
				GCC_WARN_64_TO_32_BIT_CONVERSION = YES;
				GCC_WARN_ABOUT_RETURN_TYPE = YES_ERROR;
				GCC_WARN_UNDECLARED_SELECTOR = YES;
				GCC_WARN_UNINITIALIZED_AUTOS = YES_AGGRESSIVE;
				GCC_WARN_UNUSED_FUNCTION = YES;
				GCC_WARN_UNUSED_VARIABLE = YES;
				INFOPLIST_FILE = CGXHypertext/Info.plist;
				INSTALL_PATH = "$(LOCAL_LIBRARY_DIR)/Bundles";
				MACOSX_DEPLOYMENT_TARGET = 10.11;
				MTL_ENABLE_DEBUG_INFO = YES;
				ONLY_ACTIVE_ARCH = YES;
				PRODUCT_BUNDLE_IDENTIFIER = info.maxchan.CGXHypertext;
				PRODUCT_NAME = "$(TARGET_NAME)";
				SDKROOT = macosx;
				SKIP_INSTALL = YES;
				WRAPPER_EXTENSION = plugin;
			};
			name = Debug;
		};
		1DF06BA01CF1BABB002E3AEF /* Release */ = {
			isa = XCBuildConfiguration;
			buildSettings = {
				ALWAYS_SEARCH_USER_PATHS = NO;
				CLANG_ANALYZER_NONNULL = YES;
				CLANG_CXX_LANGUAGE_STANDARD = "gnu++0x";
				CLANG_CXX_LIBRARY = "libc++";
				CLANG_ENABLE_MODULES = YES;
				CLANG_ENABLE_OBJC_ARC = YES;
				CLANG_WARN_BOOL_CONVERSION = YES;
				CLANG_WARN_CONSTANT_CONVERSION = YES;
				CLANG_WARN_DIRECT_OBJC_ISA_USAGE = YES_ERROR;
				CLANG_WARN_EMPTY_BODY = YES;
				CLANG_WARN_ENUM_CONVERSION = YES;
				CLANG_WARN_INT_CONVERSION = YES;
				CLANG_WARN_OBJC_ROOT_CLASS = YES_ERROR;
				CLANG_WARN_UNREACHABLE_CODE = YES;
				CLANG_WARN__DUPLICATE_METHOD_MATCH = YES;
				CODE_SIGN_IDENTITY = "-";
				COMBINE_HIDPI_IMAGES = YES;
				COPY_PHASE_STRIP = NO;
				DEBUG_INFORMATION_FORMAT = "dwarf-with-dsym";
				ENABLE_NS_ASSERTIONS = NO;
				ENABLE_STRICT_OBJC_MSGSEND = YES;
				GCC_C_LANGUAGE_STANDARD = gnu99;
				GCC_NO_COMMON_BLOCKS = YES;
				GCC_WARN_64_TO_32_BIT_CONVERSION = YES;
				GCC_WARN_ABOUT_RETURN_TYPE = YES_ERROR;
				GCC_WARN_UNDECLARED_SELECTOR = YES;
				GCC_WARN_UNINITIALIZED_AUTOS = YES_AGGRESSIVE;
				GCC_WARN_UNUSED_FUNCTION = YES;
				GCC_WARN_UNUSED_VARIABLE = YES;
				INFOPLIST_FILE = CGXHypertext/Info.plist;
				INSTALL_PATH = "$(LOCAL_LIBRARY_DIR)/Bundles";
				MACOSX_DEPLOYMENT_TARGET = 10.11;
				MTL_ENABLE_DEBUG_INFO = NO;
				PRODUCT_BUNDLE_IDENTIFIER = info.maxchan.CGXHypertext;
				PRODUCT_NAME = "$(TARGET_NAME)";
				SDKROOT = macosx;
				SKIP_INSTALL = YES;
				WRAPPER_EXTENSION = plugin;
			};
			name = Release;
		};
/* End XCBuildConfiguration section */

/* Begin XCConfigurationList section */
		1DF06B861CF1BA5A002E3AEF /* Build configuration list for PBXProject "CGXServerInterfaces" */ = {
			isa = XCConfigurationList;
			buildConfigurations = (
				1DF06B871CF1BA5A002E3AEF /* Debug */,
				1DF06B881CF1BA5A002E3AEF /* Release */,
			);
			defaultConfigurationIsVisible = 0;
			defaultConfigurationName = Release;
		};
		1DF06B941CF1BAA0002E3AEF /* Build configuration list for PBXNativeTarget "CGXFastCGI" */ = {
			isa = XCConfigurationList;
			buildConfigurations = (
				1DF06B951CF1BAA0002E3AEF /* Debug */,
				1DF06B961CF1BAA0002E3AEF /* Release */,
			);
			defaultConfigurationIsVisible = 0;
			defaultConfigurationName = Release;
		};
		1DF06B9E1CF1BABB002E3AEF /* Build configuration list for PBXNativeTarget "CGXHypertext" */ = {
			isa = XCConfigurationList;
			buildConfigurations = (
				1DF06B9F1CF1BABB002E3AEF /* Debug */,
				1DF06BA01CF1BABB002E3AEF /* Release */,
			);
			defaultConfigurationIsVisible = 0;
			defaultConfigurationName = Release;
		};
/* End XCConfigurationList section */
	};
	rootObject = 1DF06B831CF1BA5A002E3AEF /* Project object */;
}
